
Microsoft Visual Studio Solution File, Format Version 12.00
# Visual Studio Version 16
VisualStudioVersion = 16.0.28917.181
MinimumVisualStudioVersion = 10.0.40219.1
Project("{FAE04EC0-301F-11D3-BF4B-00C04F79EFBC}") = "ChefPrive", "ChefPrive.csproj", "{EDEF6D20-42A9-4FA6-B7A8-FE8C3166DF2A}"
EndProject
Global
	GlobalSection(SolutionConfigurationPlatforms) = preSolution
		Debug|Any CPU = Debug|Any CPU
		Release|Any CPU = Release|Any CPU
	EndGlobalSection
	GlobalSection(ProjectConfigurationPlatforms) = postSolution
		{EDEF6D20-42A9-4FA6-B7A8-FE8C3166DF2A}.Debug|Any CPU.ActiveCfg = Debug|Any CPU
		{EDEF6D20-42A9-4FA6-B7A8-FE8C3166DF2A}.Debug|Any CPU.Build.0 = Debug|Any CPU
		{EDEF6D20-42A9-4FA6-B7A8-FE8C3166DF2A}.Release|Any CPU.ActiveCfg = Release|Any CPU
		{EDEF6D20-42A9-4FA6-B7A8-FE8C3166DF2A}.Release|Any CPU.Build.0 = Release|Any CPU
	EndGlobalSection
	GlobalSection(SolutionProperties) = preSolution
		HideSolutionNode = FALSE
	EndGlobalSection
	GlobalSection(ExtensibilityGlobals) = postSolution
		SolutionGuid = {A14B5D1E-A2D7-411E-B337-2F1F8FFD0D78}
	EndGlobalSection
EndGlobal
